{
  "name": "askdoc-register-page",
  "version": "1.0.0",
  "lockfileVersion": 2,
  "requires": true,
  "packages": {
    "": {
      "name": "askdoc-register-page",
      "version": "1.0.0",
      "dependencies": {
        "@supabase/supabase-js": "^2.42.3",
        "next": "14.2.3",
        "react": "18.2.0",
        "react-dom": "18.2.0"
      }
    }
  },
  "dependencies": {
    "@supabase/supabase-js": {
      "version": "2.42.3",
      "resolved": "https://registry.npmjs.org/@supabase/supabase-js/-/supabase-js-2.42.3.tgz",
      "integrity": "sha512-DT0ejAWdiEdf7SvbCNSeyKc+EC1LQWoMyN13Pi9/kxyCH4tCd8rIEcuN68jUKFVkH4jPfzCMU14EcQEt4dlOEg=="
    },
    "next": {
      "version": "14.2.3",
      "resolved": "https://registry.npmjs.org/next/-/next-14.2.3.tgz",
      "integrity": "sha512-Ffl3mc0sG01Uy7l49D4RQ4kh5CVWbA2MaUDe36xCV6e9QQflv7m+DuRZYhKFaA2MnpIoCV9hA9Cq+9UlsYccWQ=="
    },
    "react": {
      "version": "18.2.0",
      "resolved": "https://registry.npmjs.org/react/-/react-18.2.0.tgz",
      "integrity": "sha512-6j74pL+U++l2GL1UCIwN6u99rNfLuWgKj4BG7rtwXZoS6XkIXuScRjDE97v48QFb20FZh2V+Mmtw3Dd1x7uZGw=="
    },
    "react-dom": {
      "version": "18.2.0",
      "resolved": "https://registry.npmjs.org/react-dom/-/react-dom-18.2.0.tgz",
      "integrity": "sha512-h9Uo1y+AYyJ8Gxk3qtZv3rZm3FnffPqvdQy6XsNK/k8iRrX2bwJ+XRYBxiECr7sL5cLqU5e4LQH6AZ6H0zUTwQ=="
    }
  }
}
